
Microsoft Visual Studio Solution File, Format Version 12.00
# Visual Studio Version 17
VisualStudioVersion = 17.3.32901.215
MinimumVisualStudioVersion = 10.0.40219.1
Project("{FAE04EC0-301F-11D3-BF4B-00C04F79EFBC}") = "StringPrograms", "StringPrograms\StringPrograms.csproj", "{7680A062-758D-4A99-80DE-643FC6673EE1}"
EndProject
Global
	GlobalSection(SolutionConfigurationPlatforms) = preSolution
		Debug|Any CPU = Debug|Any CPU
		Release|Any CPU = Release|Any CPU
	EndGlobalSection
	GlobalSection(ProjectConfigurationPlatforms) = postSolution
		{7680A062-758D-4A99-80DE-643FC6673EE1}.Debug|Any CPU.ActiveCfg = Debug|Any CPU
		{7680A062-758D-4A99-80DE-643FC6673EE1}.Debug|Any CPU.Build.0 = Debug|Any CPU
		{7680A062-758D-4A99-80DE-643FC6673EE1}.Release|Any CPU.ActiveCfg = Release|Any CPU
		{7680A062-758D-4A99-80DE-643FC6673EE1}.Release|Any CPU.Build.0 = Release|Any CPU
	EndGlobalSection
	GlobalSection(SolutionProperties) = preSolution
		HideSolutionNode = FALSE
	EndGlobalSection
	GlobalSection(ExtensibilityGlobals) = postSolution
		SolutionGuid = {13D667F3-C154-41BC-AFB5-CFB8C3F37030}
	EndGlobalSection
EndGlobal
